
Microsoft Visual Studio Solution File, Format Version 12.00
# Visual Studio 15
VisualStudioVersion = 15.0.26228.9
MinimumVisualStudioVersion = 10.0.40219.1
Project("{2150E333-8FDC-42A3-9474-1A3956D46DE8}") = "Src", "Src", "{4BDA54E6-C0BA-4FED-82F7-7200EA236340}"
EndProject
Project("{2150E333-8FDC-42A3-9474-1A3956D46DE8}") = "Tests", "Tests", "{F36783D5-A778-4528-95FD-99DA1C0B9D1F}"
EndProject
Project("{2150E333-8FDC-42A3-9474-1A3956D46DE8}") = "Web", "Web", "{B070FE3C-54F0-4B95-9867-ED8F8D3556E6}"
EndProject
Project("{2150E333-8FDC-42A3-9474-1A3956D46DE8}") = "Data", "Data", "{7C70098B-1249-4D1D-9ED6-D503C747A7E9}"
EndProject
Project("{2150E333-8FDC-42A3-9474-1A3956D46DE8}") = "Common", "Common", "{CE058F1D-F8E7-4042-AC6E-FE9129128A09}"
EndProject
Project("{2150E333-8FDC-42A3-9474-1A3956D46DE8}") = "Services", "Services", "{5BA2FA0E-1C47-48E2-9006-16A017B78E06}"
EndProject
Project("{FAE04EC0-301F-11D3-BF4B-00C04F79EFBC}") = "DotLms.Web", "Src\Web\DotLms.Web\DotLms.Web.csproj", "{F367175B-EEAF-46A6-B1C4-F703D78F8E27}"
EndProject
Project("{FAE04EC0-301F-11D3-BF4B-00C04F79EFBC}") = "DotLms.Data", "Src\Data\DotLms.Data\DotLms.Data.csproj", "{31A9A504-87F8-469B-92D1-7E1DE827F38C}"
EndProject
Project("{FAE04EC0-301F-11D3-BF4B-00C04F79EFBC}") = "DotLms.Data.Models", "Src\Data\DotLms.Data.Models\DotLms.Data.Models.csproj", "{EB182C7E-2AED-4A7C-ADE0-A794933939A7}"
EndProject
Project("{FAE04EC0-301F-11D3-BF4B-00C04F79EFBC}") = "DotLms.Common", "Src\Common\DotLms.Common\DotLms.Common.csproj", "{D0AB2B18-CC18-4595-9985-3CECB486A161}"
EndProject
Project("{FAE04EC0-301F-11D3-BF4B-00C04F79EFBC}") = "DotLms.Web.Identity", "Src\Web\DotLms.Web.Identity\DotLms.Web.Identity.csproj", "{52638DE8-F89E-45E2-B5CF-4808BDC1E6E9}"
EndProject
Project("{FAE04EC0-301F-11D3-BF4B-00C04F79EFBC}") = "DotLms.Services.Common", "Src\Services\DotLms.Services.Common\DotLms.Services.Common.csproj", "{63287B0F-376A-4A49-90FE-960E7E6C1DB0}"
EndProject
Project("{FAE04EC0-301F-11D3-BF4B-00C04F79EFBC}") = "DotLms.Services.Providers", "Src\Services\DotLms.Services.Providers\DotLms.Services.Providers.csproj", "{AB17B912-8E56-47B4-B9BC-523F2C081DDE}"
EndProject
Project("{FAE04EC0-301F-11D3-BF4B-00C04F79EFBC}") = "DotLms.Web.Models", "Src\Web\DotLms.Web.Models\DotLms.Web.Models.csproj", "{F51CC995-935A-42E6-BEB6-3E1126ECF0DE}"
EndProject
Project("{FAE04EC0-301F-11D3-BF4B-00C04F79EFBC}") = "DotLms.Web.Infrastructure", "Src\Web\DotLms.Web.Infrastructure\DotLms.Web.Infrastructure.csproj", "{DDD49E01-DFEA-4C92-9E29-0F3D8A5B0E92}"
EndProject
Project("{FAE04EC0-301F-11D3-BF4B-00C04F79EFBC}") = "DotLms.Services.Data", "Src\Services\DotLms.Services.Data\DotLms.Services.Data.csproj", "{ACF8EF93-B7A4-465E-AA17-B0384CC243E5}"
EndProject
Project("{2150E333-8FDC-42A3-9474-1A3956D46DE8}") = "Data.Tests", "Data.Tests", "{5187DD78-6C95-4C17-ABD5-DA5E1CCA128C}"
EndProject
Project("{FAE04EC0-301F-11D3-BF4B-00C04F79EFBC}") = "DotLms.Data.Tests", "Tests\Data.Tests\DotLms.Data.Tests\DotLms.Data.Tests.csproj", "{9661DDE1-A191-462D-AAF4-6345988E73A0}"
EndProject
Project("{FAE04EC0-301F-11D3-BF4B-00C04F79EFBC}") = "DotLms.Data.Models.Tests", "Tests\Data.Tests\DotLms.Data.Models.Tests\DotLms.Data.Models.Tests.csproj", "{AA0900F5-7B73-47BE-9129-13CB68AAC028}"
EndProject
Project("{2150E333-8FDC-42A3-9474-1A3956D46DE8}") = "Web.Tests", "Web.Tests", "{A7B09CC8-63B6-49A5-87F0-7AF68135131F}"
EndProject
Project("{FAE04EC0-301F-11D3-BF4B-00C04F79EFBC}") = "DotLms.Web", "Tests\Web.Tests\DotLms.Web\DotLms.Web.csproj", "{8B7277D3-02BA-4592-8A08-990F475476C7}"
EndProject
Project("{2150E333-8FDC-42A3-9474-1A3956D46DE8}") = "Services.Tests", "Services.Tests", "{F7025438-73B2-4EBB-BBA4-DDF3F29C5E9D}"
EndProject
Project("{FAE04EC0-301F-11D3-BF4B-00C04F79EFBC}") = "DotLms.Web.Interception", "Src\Web\DotLms.Web.Interception\DotLms.Web.Interception.csproj", "{4F6E779F-1B7E-441E-ACA6-0FC6293B9ABC}"
EndProject
Project("{FAE04EC0-301F-11D3-BF4B-00C04F79EFBC}") = "DotLms.Services.Data.Tests", "Tests\Services.Tests\DotLms.Services.Data.Tests\DotLms.Services.Data.Tests.csproj", "{6B2D0C9B-82A1-484C-8DBF-E4001611F51C}"
EndProject
Project("{FAE04EC0-301F-11D3-BF4B-00C04F79EFBC}") = "DotLms.Services.Providers.Tests", "Tests\Services.Tests\DotLms.Services.Providers.Tests\DotLms.Services.Providers.Tests.csproj", "{C03816DC-AA90-42A6-AFF7-490E5E06180E}"
EndProject
Project("{FAE04EC0-301F-11D3-BF4B-00C04F79EFBC}") = "DotLms.Services.Http", "Src\Services\DotLms.Services.Http\DotLms.Services.Http.csproj", "{218293C7-FA4E-437B-9083-3DE4E3E47C60}"
EndProject
Global
	GlobalSection(SolutionConfigurationPlatforms) = preSolution
		Debug|Any CPU = Debug|Any CPU
		Release|Any CPU = Release|Any CPU
	EndGlobalSection
	GlobalSection(ProjectConfigurationPlatforms) = postSolution
		{F367175B-EEAF-46A6-B1C4-F703D78F8E27}.Debug|Any CPU.ActiveCfg = Debug|Any CPU
		{F367175B-EEAF-46A6-B1C4-F703D78F8E27}.Debug|Any CPU.Build.0 = Debug|Any CPU
		{F367175B-EEAF-46A6-B1C4-F703D78F8E27}.Release|Any CPU.ActiveCfg = Release|Any CPU
		{F367175B-EEAF-46A6-B1C4-F703D78F8E27}.Release|Any CPU.Build.0 = Release|Any CPU
		{31A9A504-87F8-469B-92D1-7E1DE827F38C}.Debug|Any CPU.ActiveCfg = Debug|Any CPU
		{31A9A504-87F8-469B-92D1-7E1DE827F38C}.Debug|Any CPU.Build.0 = Debug|Any CPU
		{31A9A504-87F8-469B-92D1-7E1DE827F38C}.Release|Any CPU.ActiveCfg = Release|Any CPU
		{31A9A504-87F8-469B-92D1-7E1DE827F38C}.Release|Any CPU.Build.0 = Release|Any CPU
		{EB182C7E-2AED-4A7C-ADE0-A794933939A7}.Debug|Any CPU.ActiveCfg = Debug|Any CPU
		{EB182C7E-2AED-4A7C-ADE0-A794933939A7}.Debug|Any CPU.Build.0 = Debug|Any CPU
		{EB182C7E-2AED-4A7C-ADE0-A794933939A7}.Release|Any CPU.ActiveCfg = Release|Any CPU
		{EB182C7E-2AED-4A7C-ADE0-A794933939A7}.Release|Any CPU.Build.0 = Release|Any CPU
		{D0AB2B18-CC18-4595-9985-3CECB486A161}.Debug|Any CPU.ActiveCfg = Debug|Any CPU
		{D0AB2B18-CC18-4595-9985-3CECB486A161}.Debug|Any CPU.Build.0 = Debug|Any CPU
		{D0AB2B18-CC18-4595-9985-3CECB486A161}.Release|Any CPU.ActiveCfg = Release|Any CPU
		{D0AB2B18-CC18-4595-9985-3CECB486A161}.Release|Any CPU.Build.0 = Release|Any CPU
		{52638DE8-F89E-45E2-B5CF-4808BDC1E6E9}.Debug|Any CPU.ActiveCfg = Debug|Any CPU
		{52638DE8-F89E-45E2-B5CF-4808BDC1E6E9}.Debug|Any CPU.Build.0 = Debug|Any CPU
		{52638DE8-F89E-45E2-B5CF-4808BDC1E6E9}.Release|Any CPU.ActiveCfg = Release|Any CPU
		{52638DE8-F89E-45E2-B5CF-4808BDC1E6E9}.Release|Any CPU.Build.0 = Release|Any CPU
		{63287B0F-376A-4A49-90FE-960E7E6C1DB0}.Debug|Any CPU.ActiveCfg = Debug|Any CPU
		{63287B0F-376A-4A49-90FE-960E7E6C1DB0}.Debug|Any CPU.Build.0 = Debug|Any CPU
		{63287B0F-376A-4A49-90FE-960E7E6C1DB0}.Release|Any CPU.ActiveCfg = Release|Any CPU
		{63287B0F-376A-4A49-90FE-960E7E6C1DB0}.Release|Any CPU.Build.0 = Release|Any CPU
		{AB17B912-8E56-47B4-B9BC-523F2C081DDE}.Debug|Any CPU.ActiveCfg = Debug|Any CPU
		{AB17B912-8E56-47B4-B9BC-523F2C081DDE}.Debug|Any CPU.Build.0 = Debug|Any CPU
		{AB17B912-8E56-47B4-B9BC-523F2C081DDE}.Release|Any CPU.ActiveCfg = Release|Any CPU
		{AB17B912-8E56-47B4-B9BC-523F2C081DDE}.Release|Any CPU.Build.0 = Release|Any CPU
		{F51CC995-935A-42E6-BEB6-3E1126ECF0DE}.Debug|Any CPU.ActiveCfg = Debug|Any CPU
		{F51CC995-935A-42E6-BEB6-3E1126ECF0DE}.Debug|Any CPU.Build.0 = Debug|Any CPU
		{F51CC995-935A-42E6-BEB6-3E1126ECF0DE}.Release|Any CPU.ActiveCfg = Release|Any CPU
		{F51CC995-935A-42E6-BEB6-3E1126ECF0DE}.Release|Any CPU.Build.0 = Release|Any CPU
		{DDD49E01-DFEA-4C92-9E29-0F3D8A5B0E92}.Debug|Any CPU.ActiveCfg = Debug|Any CPU
		{DDD49E01-DFEA-4C92-9E29-0F3D8A5B0E92}.Debug|Any CPU.Build.0 = Debug|Any CPU
		{DDD49E01-DFEA-4C92-9E29-0F3D8A5B0E92}.Release|Any CPU.ActiveCfg = Release|Any CPU
		{DDD49E01-DFEA-4C92-9E29-0F3D8A5B0E92}.Release|Any CPU.Build.0 = Release|Any CPU
		{ACF8EF93-B7A4-465E-AA17-B0384CC243E5}.Debug|Any CPU.ActiveCfg = Debug|Any CPU
		{ACF8EF93-B7A4-465E-AA17-B0384CC243E5}.Debug|Any CPU.Build.0 = Debug|Any CPU
		{ACF8EF93-B7A4-465E-AA17-B0384CC243E5}.Release|Any CPU.ActiveCfg = Release|Any CPU
		{ACF8EF93-B7A4-465E-AA17-B0384CC243E5}.Release|Any CPU.Build.0 = Release|Any CPU
		{9661DDE1-A191-462D-AAF4-6345988E73A0}.Debug|Any CPU.ActiveCfg = Debug|Any CPU
		{9661DDE1-A191-462D-AAF4-6345988E73A0}.Debug|Any CPU.Build.0 = Debug|Any CPU
		{9661DDE1-A191-462D-AAF4-6345988E73A0}.Release|Any CPU.ActiveCfg = Release|Any CPU
		{9661DDE1-A191-462D-AAF4-6345988E73A0}.Release|Any CPU.Build.0 = Release|Any CPU
		{AA0900F5-7B73-47BE-9129-13CB68AAC028}.Debug|Any CPU.ActiveCfg = Debug|Any CPU
		{AA0900F5-7B73-47BE-9129-13CB68AAC028}.Debug|Any CPU.Build.0 = Debug|Any CPU
		{AA0900F5-7B73-47BE-9129-13CB68AAC028}.Release|Any CPU.ActiveCfg = Release|Any CPU
		{AA0900F5-7B73-47BE-9129-13CB68AAC028}.Release|Any CPU.Build.0 = Release|Any CPU
		{8B7277D3-02BA-4592-8A08-990F475476C7}.Debug|Any CPU.ActiveCfg = Debug|Any CPU
		{8B7277D3-02BA-4592-8A08-990F475476C7}.Debug|Any CPU.Build.0 = Debug|Any CPU
		{8B7277D3-02BA-4592-8A08-990F475476C7}.Release|Any CPU.ActiveCfg = Release|Any CPU
		{8B7277D3-02BA-4592-8A08-990F475476C7}.Release|Any CPU.Build.0 = Release|Any CPU
		{4F6E779F-1B7E-441E-ACA6-0FC6293B9ABC}.Debug|Any CPU.ActiveCfg = Debug|Any CPU
		{4F6E779F-1B7E-441E-ACA6-0FC6293B9ABC}.Debug|Any CPU.Build.0 = Debug|Any CPU
		{4F6E779F-1B7E-441E-ACA6-0FC6293B9ABC}.Release|Any CPU.ActiveCfg = Release|Any CPU
		{4F6E779F-1B7E-441E-ACA6-0FC6293B9ABC}.Release|Any CPU.Build.0 = Release|Any CPU
		{6B2D0C9B-82A1-484C-8DBF-E4001611F51C}.Debug|Any CPU.ActiveCfg = Debug|Any CPU
		{6B2D0C9B-82A1-484C-8DBF-E4001611F51C}.Debug|Any CPU.Build.0 = Debug|Any CPU
		{6B2D0C9B-82A1-484C-8DBF-E4001611F51C}.Release|Any CPU.ActiveCfg = Release|Any CPU
		{6B2D0C9B-82A1-484C-8DBF-E4001611F51C}.Release|Any CPU.Build.0 = Release|Any CPU
		{C03816DC-AA90-42A6-AFF7-490E5E06180E}.Debug|Any CPU.ActiveCfg = Debug|Any CPU
		{C03816DC-AA90-42A6-AFF7-490E5E06180E}.Debug|Any CPU.Build.0 = Debug|Any CPU
		{C03816DC-AA90-42A6-AFF7-490E5E06180E}.Release|Any CPU.ActiveCfg = Release|Any CPU
		{C03816DC-AA90-42A6-AFF7-490E5E06180E}.Release|Any CPU.Build.0 = Release|Any CPU
		{218293C7-FA4E-437B-9083-3DE4E3E47C60}.Debug|Any CPU.ActiveCfg = Debug|Any CPU
		{218293C7-FA4E-437B-9083-3DE4E3E47C60}.Debug|Any CPU.Build.0 = Debug|Any CPU
		{218293C7-FA4E-437B-9083-3DE4E3E47C60}.Release|Any CPU.ActiveCfg = Release|Any CPU
		{218293C7-FA4E-437B-9083-3DE4E3E47C60}.Release|Any CPU.Build.0 = Release|Any CPU
	EndGlobalSection
	GlobalSection(SolutionProperties) = preSolution
		HideSolutionNode = FALSE
	EndGlobalSection
	GlobalSection(NestedProjects) = preSolution
		{B070FE3C-54F0-4B95-9867-ED8F8D3556E6} = {4BDA54E6-C0BA-4FED-82F7-7200EA236340}
		{7C70098B-1249-4D1D-9ED6-D503C747A7E9} = {4BDA54E6-C0BA-4FED-82F7-7200EA236340}
		{CE058F1D-F8E7-4042-AC6E-FE9129128A09} = {4BDA54E6-C0BA-4FED-82F7-7200EA236340}
		{5BA2FA0E-1C47-48E2-9006-16A017B78E06} = {4BDA54E6-C0BA-4FED-82F7-7200EA236340}
		{F367175B-EEAF-46A6-B1C4-F703D78F8E27} = {B070FE3C-54F0-4B95-9867-ED8F8D3556E6}
		{31A9A504-87F8-469B-92D1-7E1DE827F38C} = {7C70098B-1249-4D1D-9ED6-D503C747A7E9}
		{EB182C7E-2AED-4A7C-ADE0-A794933939A7} = {7C70098B-1249-4D1D-9ED6-D503C747A7E9}
		{D0AB2B18-CC18-4595-9985-3CECB486A161} = {CE058F1D-F8E7-4042-AC6E-FE9129128A09}
		{52638DE8-F89E-45E2-B5CF-4808BDC1E6E9} = {B070FE3C-54F0-4B95-9867-ED8F8D3556E6}
		{63287B0F-376A-4A49-90FE-960E7E6C1DB0} = {5BA2FA0E-1C47-48E2-9006-16A017B78E06}
		{AB17B912-8E56-47B4-B9BC-523F2C081DDE} = {5BA2FA0E-1C47-48E2-9006-16A017B78E06}
		{F51CC995-935A-42E6-BEB6-3E1126ECF0DE} = {B070FE3C-54F0-4B95-9867-ED8F8D3556E6}
		{DDD49E01-DFEA-4C92-9E29-0F3D8A5B0E92} = {B070FE3C-54F0-4B95-9867-ED8F8D3556E6}
		{ACF8EF93-B7A4-465E-AA17-B0384CC243E5} = {5BA2FA0E-1C47-48E2-9006-16A017B78E06}
		{5187DD78-6C95-4C17-ABD5-DA5E1CCA128C} = {F36783D5-A778-4528-95FD-99DA1C0B9D1F}
		{9661DDE1-A191-462D-AAF4-6345988E73A0} = {5187DD78-6C95-4C17-ABD5-DA5E1CCA128C}
		{AA0900F5-7B73-47BE-9129-13CB68AAC028} = {5187DD78-6C95-4C17-ABD5-DA5E1CCA128C}
		{A7B09CC8-63B6-49A5-87F0-7AF68135131F} = {F36783D5-A778-4528-95FD-99DA1C0B9D1F}
		{8B7277D3-02BA-4592-8A08-990F475476C7} = {A7B09CC8-63B6-49A5-87F0-7AF68135131F}
		{F7025438-73B2-4EBB-BBA4-DDF3F29C5E9D} = {F36783D5-A778-4528-95FD-99DA1C0B9D1F}
		{4F6E779F-1B7E-441E-ACA6-0FC6293B9ABC} = {B070FE3C-54F0-4B95-9867-ED8F8D3556E6}
		{6B2D0C9B-82A1-484C-8DBF-E4001611F51C} = {F7025438-73B2-4EBB-BBA4-DDF3F29C5E9D}
		{C03816DC-AA90-42A6-AFF7-490E5E06180E} = {F7025438-73B2-4EBB-BBA4-DDF3F29C5E9D}
		{218293C7-FA4E-437B-9083-3DE4E3E47C60} = {5BA2FA0E-1C47-48E2-9006-16A017B78E06}
	EndGlobalSection
EndGlobal
